Microsoft Visual Studio Solution File, Format Version 12.00
# Visual Studio Version 17
VisualStudioVersion = 17.5.2.0
MinimumVisualStudioVersion = 10.0.40219.1
Project("{FAE04EC0-301F-11D3-BF4B-00C04F79EFBC}") = "Disc.Analyzer", "Disc.Analyzer.csproj", "{B58BB4E9-36BD-0159-42A0-B7C3AB1C946B}"
EndProject
Global
	GlobalSection(SolutionConfigurationPlatforms) = preSolution
		Debug|Any CPU = Debug|Any CPU
		Release|Any CPU = Release|Any CPU
	EndGlobalSection
	GlobalSection(ProjectConfigurationPlatforms) = postSolution
		{B58BB4E9-36BD-0159-42A0-B7C3AB1C946B}.Debug|Any CPU.ActiveCfg = Debug|Any CPU
		{B58BB4E9-36BD-0159-42A0-B7C3AB1C946B}.Debug|Any CPU.Build.0 = Debug|Any CPU
		{B58BB4E9-36BD-0159-42A0-B7C3AB1C946B}.Release|Any CPU.ActiveCfg = Release|Any CPU
		{B58BB4E9-36BD-0159-42A0-B7C3AB1C946B}.Release|Any CPU.Build.0 = Release|Any CPU
	EndGlobalSection
	GlobalSection(SolutionProperties) = preSolution
		HideSolutionNode = FALSE
	EndGlobalSection
	GlobalSection(ExtensibilityGlobals) = postSolution
		SolutionGuid = {73EF0B59-E988-45DA-A279-368EA876EDC6}
	EndGlobalSection
EndGlobal
